PODS:
  - MobilliumQRCodeReader (1.0.0)

DEPENDENCIES:
  - MobilliumQRCodeReader (from `../`)

EXTERNAL SOURCES:
  MobilliumQRCodeReader:
    :path: "../"

SPEC CHECKSUMS:
  MobilliumQRCodeReader: 632d09833bc2489493e550aef648c1f6d9bebf25

PODFILE CHECKSUM: 03c10264be126d6be06fcf64592071cb5258c7e9

COCOAPODS: 1.11.3
